
Microsoft Visual Studio Solution File, Format Version 12.00
# Visual Studio 15
VisualStudioVersion = 15.0.26124.0
MinimumVisualStudioVersion = 15.0.26124.0
Project("{FAE04EC0-301F-11D3-BF4B-00C04F79EFBC}") = "Application", "Application\Application.csproj", "{DD79F336-CE5D-444D-A916-37B6D95E7FA6}"
EndProject
Project("{FAE04EC0-301F-11D3-BF4B-00C04F79EFBC}") = "Domain", "Domain\Domain.csproj", "{778A7B65-74D4-4DDE-85D5-EA6CC16AC3D9}"
EndProject
Project("{FAE04EC0-301F-11D3-BF4B-00C04F79EFBC}") = "Persistence", "Persistence\Persistence.csproj", "{45763910-A566-47C5-A20F-FDFB3A547E0E}"
EndProject
Project("{FAE04EC0-301F-11D3-BF4B-00C04F79EFBC}") = "API", "API\API.csproj", "{B354F921-A4A4-4DB0-9D8B-75875E69F5C1}"
EndProject
Global
	GlobalSection(SolutionConfigurationPlatforms) = preSolution
		Debug|Any CPU = Debug|Any CPU
		Debug|x64 = Debug|x64
		Debug|x86 = Debug|x86
		Release|Any CPU = Release|Any CPU
		Release|x64 = Release|x64
		Release|x86 = Release|x86
	EndGlobalSection
	GlobalSection(SolutionProperties) = preSolution
		HideSolutionNode = FALSE
	EndGlobalSection
	GlobalSection(ProjectConfigurationPlatforms) = postSolution
		{DD79F336-CE5D-444D-A916-37B6D95E7FA6}.Debug|Any CPU.ActiveCfg = Debug|Any CPU
		{DD79F336-CE5D-444D-A916-37B6D95E7FA6}.Debug|Any CPU.Build.0 = Debug|Any CPU
		{DD79F336-CE5D-444D-A916-37B6D95E7FA6}.Debug|x64.ActiveCfg = Debug|Any CPU
		{DD79F336-CE5D-444D-A916-37B6D95E7FA6}.Debug|x64.Build.0 = Debug|Any CPU
		{DD79F336-CE5D-444D-A916-37B6D95E7FA6}.Debug|x86.ActiveCfg = Debug|Any CPU
		{DD79F336-CE5D-444D-A916-37B6D95E7FA6}.Debug|x86.Build.0 = Debug|Any CPU
		{DD79F336-CE5D-444D-A916-37B6D95E7FA6}.Release|Any CPU.ActiveCfg = Release|Any CPU
		{DD79F336-CE5D-444D-A916-37B6D95E7FA6}.Release|Any CPU.Build.0 = Release|Any CPU
		{DD79F336-CE5D-444D-A916-37B6D95E7FA6}.Release|x64.ActiveCfg = Release|Any CPU
		{DD79F336-CE5D-444D-A916-37B6D95E7FA6}.Release|x64.Build.0 = Release|Any CPU
		{DD79F336-CE5D-444D-A916-37B6D95E7FA6}.Release|x86.ActiveCfg = Release|Any CPU
		{DD79F336-CE5D-444D-A916-37B6D95E7FA6}.Release|x86.Build.0 = Release|Any CPU
		{778A7B65-74D4-4DDE-85D5-EA6CC16AC3D9}.Debug|Any CPU.ActiveCfg = Debug|Any CPU
		{778A7B65-74D4-4DDE-85D5-EA6CC16AC3D9}.Debug|Any CPU.Build.0 = Debug|Any CPU
		{778A7B65-74D4-4DDE-85D5-EA6CC16AC3D9}.Debug|x64.ActiveCfg = Debug|Any CPU
		{778A7B65-74D4-4DDE-85D5-EA6CC16AC3D9}.Debug|x64.Build.0 = Debug|Any CPU
		{778A7B65-74D4-4DDE-85D5-EA6CC16AC3D9}.Debug|x86.ActiveCfg = Debug|Any CPU
		{778A7B65-74D4-4DDE-85D5-EA6CC16AC3D9}.Debug|x86.Build.0 = Debug|Any CPU
		{778A7B65-74D4-4DDE-85D5-EA6CC16AC3D9}.Release|Any CPU.ActiveCfg = Release|Any CPU
		{778A7B65-74D4-4DDE-85D5-EA6CC16AC3D9}.Release|Any CPU.Build.0 = Release|Any CPU
		{778A7B65-74D4-4DDE-85D5-EA6CC16AC3D9}.Release|x64.ActiveCfg = Release|Any CPU
		{778A7B65-74D4-4DDE-85D5-EA6CC16AC3D9}.Release|x64.Build.0 = Release|Any CPU
		{778A7B65-74D4-4DDE-85D5-EA6CC16AC3D9}.Release|x86.ActiveCfg = Release|Any CPU
		{778A7B65-74D4-4DDE-85D5-EA6CC16AC3D9}.Release|x86.Build.0 = Release|Any CPU
		{45763910-A566-47C5-A20F-FDFB3A547E0E}.Debug|Any CPU.ActiveCfg = Debug|Any CPU
		{45763910-A566-47C5-A20F-FDFB3A547E0E}.Debug|Any CPU.Build.0 = Debug|Any CPU
		{45763910-A566-47C5-A20F-FDFB3A547E0E}.Debug|x64.ActiveCfg = Debug|Any CPU
		{45763910-A566-47C5-A20F-FDFB3A547E0E}.Debug|x64.Build.0 = Debug|Any CPU
		{45763910-A566-47C5-A20F-FDFB3A547E0E}.Debug|x86.ActiveCfg = Debug|Any CPU
		{45763910-A566-47C5-A20F-FDFB3A547E0E}.Debug|x86.Build.0 = Debug|Any CPU
		{45763910-A566-47C5-A20F-FDFB3A547E0E}.Release|Any CPU.ActiveCfg = Release|Any CPU
		{45763910-A566-47C5-A20F-FDFB3A547E0E}.Release|Any CPU.Build.0 = Release|Any CPU
		{45763910-A566-47C5-A20F-FDFB3A547E0E}.Release|x64.ActiveCfg = Release|Any CPU
		{45763910-A566-47C5-A20F-FDFB3A547E0E}.Release|x64.Build.0 = Release|Any CPU
		{45763910-A566-47C5-A20F-FDFB3A547E0E}.Release|x86.ActiveCfg = Release|Any CPU
		{45763910-A566-47C5-A20F-FDFB3A547E0E}.Release|x86.Build.0 = Release|Any CPU
		{B354F921-A4A4-4DB0-9D8B-75875E69F5C1}.Debug|Any CPU.ActiveCfg = Debug|Any CPU
		{B354F921-A4A4-4DB0-9D8B-75875E69F5C1}.Debug|Any CPU.Build.0 = Debug|Any CPU
		{B354F921-A4A4-4DB0-9D8B-75875E69F5C1}.Debug|x64.ActiveCfg = Debug|Any CPU
		{B354F921-A4A4-4DB0-9D8B-75875E69F5C1}.Debug|x64.Build.0 = Debug|Any CPU
		{B354F921-A4A4-4DB0-9D8B-75875E69F5C1}.Debug|x86.ActiveCfg = Debug|Any CPU
		{B354F921-A4A4-4DB0-9D8B-75875E69F5C1}.Debug|x86.Build.0 = Debug|Any CPU
		{B354F921-A4A4-4DB0-9D8B-75875E69F5C1}.Release|Any CPU.ActiveCfg = Release|Any CPU
		{B354F921-A4A4-4DB0-9D8B-75875E69F5C1}.Release|Any CPU.Build.0 = Release|Any CPU
		{B354F921-A4A4-4DB0-9D8B-75875E69F5C1}.Release|x64.ActiveCfg = Release|Any CPU
		{B354F921-A4A4-4DB0-9D8B-75875E69F5C1}.Release|x64.Build.0 = Release|Any CPU
		{B354F921-A4A4-4DB0-9D8B-75875E69F5C1}.Release|x86.ActiveCfg = Release|Any CPU
		{B354F921-A4A4-4DB0-9D8B-75875E69F5C1}.Release|x86.Build.0 = Release|Any CPU
	EndGlobalSection
EndGlobal
